{
  "requires": true,
  "lockfileVersion": 1,
  "dependencies": {
    "ckeditor4": {
      "version": "4.16.1",
      "resolved": "https://registry.npmjs.org/ckeditor4/-/ckeditor4-4.16.1.tgz",
      "integrity": "sha512-dfclP3QDQfXMOrPex3s/l6b5E+MBSxhMpW3+nUM6lFX3ax1u/1tl2ETpe7iYJRtoN4TdvddL5XFweQT17woN5A=="
    }
  }
}
